<?xml version="1.0" encoding="utf-8"?>
<Project ToolsVersion="4.0" xmlns="http://schemas.microsoft.com/developer/msbuild/2003">
  <ItemGroup>
    <Filter Include="Source Files">
      <UniqueIdentifier>{A1234567-89AB-CDEF-0123-456789ABCDEF}</UniqueIdentifier>
      <Extensions>cpp;c;cc;cxx;def;odl;idl;hpj;bat;asm;asmx</Extensions>
    </Filter>
    <Filter Include="Header Files">
      <UniqueIdentifier>{B1234567-89AB-CDEF-0123-456789ABCDEF}</UniqueIdentifier>
      <Extensions>h;hh;hpp;hxx;hm;inl</Extensions>
    </Filter>
    <Filter Include="Resource Files">
      <UniqueIdentifier>{C1234567-89AB-CDEF-0123-456789ABCDEF}</UniqueIdentifier>
      <Extensions>rc;ico;cur;bmp;dlg;rc2;rgs;gif;jpg;jpeg;jpe;png</Extensions>
    </Filter>
  </ItemGroup>
  <ItemGroup>
    <ClCompile Include="ImageDialogApp.cpp">
      <Filter>Source Files</Filter>
    </ClCompile>
    <ClCompile Include="ImageDialogAppDlg.cpp">
      <Filter>Source Files</Filter>
    </ClCompile>
    <ClCompile Include="stdafx.cpp">
      <Filter>Source Files</Filter>
    </ClCompile>
  </ItemGroup>
  <ItemGroup>
    <ClInclude Include="ImageDialogApp.h">
      <Filter>Header Files</Filter>
    </ClInclude>
    <ClInclude Include="ImageDialogAppDlg.h">
      <Filter>Header Files</Filter>
    </ClInclude>
    <ClInclude Include="resource.h">
      <Filter>Header Files</Filter>
    </ClInclude>
    <ClInclude Include="stdafx.h">
      <Filter>Header Files</Filter>
    </ClInclude>
    <ClInclude Include="targetver.h">
      <Filter>Header Files</Filter>
    </ClInclude>
  </ItemGroup>
  <ItemGroup>
    <ResourceCompile Include="ImageDialogApp.rc">
      <Filter>Resource Files</Filter>
    </ResourceCompile>
    <None Include="res\app.ico">
      <Filter>Resource Files</Filter>
    </None>
  </ItemGroup>
</Project>
